// !$*UTF8*$!
{
	archiveVersion = 1;
	classes = {
	};
	objectVersion = 48;
	objects = {

/* Begin PBXBuildFile section */
		BF13D587205725D7004F12FE /* DoubleTypePredicate+Operators.swift in Sources */ = {isa = PBXBuildFile; fileRef = BF13D586205725D7004F12FE /* DoubleTypePredicate+Operators.swift */; };
		BF13D58A2057260B004F12FE /* joinPredicate.swift in Sources */ = {isa = PBXBuildFile; fileRef = BF13D5892057260B004F12FE /* joinPredicate.swift */; };
		BF2C3A2A205716EB004B9ED6 /* KeyPathSingleTypePredicate.swift in Sources */ = {isa = PBXBuildFile; fileRef = BF2C3A29205716EB004B9ED6 /* KeyPathSingleTypePredicate.swift */; };
		BF2C3A2E20571D88004B9ED6 /* filterPredicate.swift in Sources */ = {isa = PBXBuildFile; fileRef = BF2C3A2D20571D88004B9ED6 /* filterPredicate.swift */; };
		BF2C3A322057223C004B9ED6 /* KeyPathSingleTypePredicate+Operators.swift in Sources */ = {isa = PBXBuildFile; fileRef = BF2C3A312057223C004B9ED6 /* KeyPathSingleTypePredicate+Operators.swift */; };
		BF2C3A3520572565004B9ED6 /* DoubleTypePredicate.swift in Sources */ = {isa = PBXBuildFile; fileRef = BF2C3A3420572565004B9ED6 /* DoubleTypePredicate.swift */; };
		BF59B3A0205065F900D620E1 /* KeyPathKit.framework in Frameworks */ = {isa = PBXBuildFile; fileRef = BF59B396205065F800D620E1 /* KeyPathKit.framework */; };
		BF59B3A5205065F900D620E1 /* KeyPathKitTests.swift in Sources */ = {isa = PBXBuildFile; fileRef = BF59B3A4205065F900D620E1 /* KeyPathKitTests.swift */; };
		BF59B3A7205065F900D620E1 /* KeyPathKit.h in Headers */ = {isa = PBXBuildFile; fileRef = BF59B399205065F800D620E1 /* KeyPathKit.h */; settings = {ATTRIBUTES = (Public, ); }; };
		BF7E2F022050786100FF096D /* betweenTests.swift in Sources */ = {isa = PBXBuildFile; fileRef = BF7E2F012050786100FF096D /* betweenTests.swift */; };
		BF7E2F042050798E00FF096D /* joinTests.swift in Sources */ = {isa = PBXBuildFile; fileRef = BF7E2F032050798E00FF096D /* joinTests.swift */; };
		BF7E2F0620507BC500FF096D /* sortedTests.swift in Sources */ = {isa = PBXBuildFile; fileRef = BF7E2F0520507BC500FF096D /* sortedTests.swift */; };
		BF840D172055441200AC6DA1 /* filterLike.swift in Sources */ = {isa = PBXBuildFile; fileRef = BF840D162055441200AC6DA1 /* filterLike.swift */; };
		BF840D192055450800AC6DA1 /* filterLikeTests.swift in Sources */ = {isa = PBXBuildFile; fileRef = BF840D182055450800AC6DA1 /* filterLikeTests.swift */; };
		BF840D1B205592B400AC6DA1 /* filterLess.swift in Sources */ = {isa = PBXBuildFile; fileRef = BF840D1A205592B400AC6DA1 /* filterLess.swift */; };
		BF840D1D2055932E00AC6DA1 /* filterLessTests.swift in Sources */ = {isa = PBXBuildFile; fileRef = BF840D1C2055932E00AC6DA1 /* filterLessTests.swift */; };
		BF840D1F2055944F00AC6DA1 /* filterMore.swift in Sources */ = {isa = PBXBuildFile; fileRef = BF840D1E2055944F00AC6DA1 /* filterMore.swift */; };
		BF840D212055946800AC6DA1 /* filterMoreTests.swift in Sources */ = {isa = PBXBuildFile; fileRef = BF840D202055946800AC6DA1 /* filterMoreTests.swift */; };
		BF840D23205596DF00AC6DA1 /* filterIn.swift in Sources */ = {isa = PBXBuildFile; fileRef = BF840D22205596DF00AC6DA1 /* filterIn.swift */; };
		BF840D252055975600AC6DA1 /* filterInTests.swift in Sources */ = {isa = PBXBuildFile; fileRef = BF840D242055975600AC6DA1 /* filterInTests.swift */; };
		BFF387EB205066AD0059887B /* average.swift in Sources */ = {isa = PBXBuildFile; fileRef = BFF387EA205066AD0059887B /* average.swift */; };
		BFF387EE205066D80059887B /* min.swift in Sources */ = {isa = PBXBuildFile; fileRef = BFF387ED205066D80059887B /* min.swift */; };
		BFF387F0205066E60059887B /* max.swift in Sources */ = {isa = PBXBuildFile; fileRef = BFF387EF205066E60059887B /* max.swift */; };
		BFF387F2205067010059887B /* sum.swift in Sources */ = {isa = PBXBuildFile; fileRef = BFF387F1205067010059887B /* sum.swift */; };
		BFF387F42050670D0059887B /* or.swift in Sources */ = {isa = PBXBuildFile; fileRef = BFF387F32050670D0059887B /* or.swift */; };
		BFF387F62050671C0059887B /* and.swift in Sources */ = {isa = PBXBuildFile; fileRef = BFF387F52050671C0059887B /* and.swift */; };
		BFF387F82050672B0059887B /* between.swift in Sources */ = {isa = PBXBuildFile; fileRef = BFF387F72050672B0059887B /* between.swift */; };
		BFF387FA2050673E0059887B /* filter.swift in Sources */ = {isa = PBXBuildFile; fileRef = BFF387F92050673E0059887B /* filter.swift */; };
		BFF387FC2050674A0059887B /* join.swift in Sources */ = {isa = PBXBuildFile; fileRef = BFF387FB2050674A0059887B /* join.swift */; };
		BFF387FE205067580059887B /* distinct.swift in Sources */ = {isa = PBXBuildFile; fileRef = BFF387FD205067580059887B /* distinct.swift */; };
		BFF38800205067670059887B /* groupBy.swift in Sources */ = {isa = PBXBuildFile; fileRef = BFF387FF205067670059887B /* groupBy.swift */; };
		BFF38802205067760059887B /* sorted.swift in Sources */ = {isa = PBXBuildFile; fileRef = BFF38801205067760059887B /* sorted.swift */; };
		BFF388042050678A0059887B /* flatMap.swift in Sources */ = {isa = PBXBuildFile; fileRef = BFF388032050678A0059887B /* flatMap.swift */; };
		BFF388062050679A0059887B /* map.swift in Sources */ = {isa = PBXBuildFile; fileRef = BFF388052050679A0059887B /* map.swift */; };
		BFF38809205069250059887B /* orTests.swift in Sources */ = {isa = PBXBuildFile; fileRef = BFF38808205069250059887B /* orTests.swift */; };
		BFF3880E20506B630059887B /* andTests.swift in Sources */ = {isa = PBXBuildFile; fileRef = BFF3880D20506B630059887B /* andTests.swift */; };
		BFF3881020506BD90059887B /* filterTests.swift in Sources */ = {isa = PBXBuildFile; fileRef = BFF3880F20506BD90059887B /* filterTests.swift */; };
		BFF3881220506D190059887B /* distinctTests.swift in Sources */ = {isa = PBXBuildFile; fileRef = BFF3881120506D190059887B /* distinctTests.swift */; };
		BFF3881420506D960059887B /* groupByTests.swift in Sources */ = {isa = PBXBuildFile; fileRef = BFF3881320506D960059887B /* groupByTests.swift */; };
		BFF38816205070280059887B /* sumTests.swift in Sources */ = {isa = PBXBuildFile; fileRef = BFF38815205070280059887B /* sumTests.swift */; };
		BFF38818205074050059887B /* maxTests.swift in Sources */ = {isa = PBXBuildFile; fileRef = BFF38817205074050059887B /* maxTests.swift */; };
		BFF3881A205075200059887B /* minTests.swift in Sources */ = {isa = PBXBuildFile; fileRef = BFF38819205075200059887B /* minTests.swift */; };
		BFF3881C2050756E0059887B /* averageTests.swift in Sources */ = {isa = PBXBuildFile; fileRef = BFF3881B2050756E0059887B /* averageTests.swift */; };
		BFF3881E205077080059887B /* mapTests.swift in Sources */ = {isa = PBXBuildFile; fileRef = BFF3881D205077080059887B /* mapTests.swift */; };
		BFF38820205077A30059887B /* flatMapTests.swift in Sources */ = {isa = PBXBuildFile; fileRef = BFF3881F205077A30059887B /* flatMapTests.swift */; };
/* End PBXBuildFile section */

/* Begin PBXContainerItemProxy section */
		BF59B3A1205065F900D620E1 /* PBXContainerItemProxy */ = {
			isa = PBXContainerItemProxy;
			containerPortal = BF59B38D205065F800D620E1 /* Project object */;
			proxyType = 1;
			remoteGlobalIDString = BF59B395205065F800D620E1;
			remoteInfo = KeyPathKit;
		};
/* End PBXContainerItemProxy section */

/* Begin PBXFileReference section */
		BF13D586205725D7004F12FE /* DoubleTypePredicate+Operators.swift */ = {isa = PBXFileReference; lastKnownFileType = sourcecode.swift; path = "DoubleTypePredicate+Operators.swift"; sourceTree = "<group>"; };
		BF13D5892057260B004F12FE /* joinPredicate.swift */ = {isa = PBXFileReference; lastKnownFileType = sourcecode.swift; path = joinPredicate.swift; sourceTree = "<group>"; };
		BF2C3A29205716EB004B9ED6 /* KeyPathSingleTypePredicate.swift */ = {isa = PBXFileReference; lastKnownFileType = sourcecode.swift; path = KeyPathSingleTypePredicate.swift; sourceTree = "<group>"; };
		BF2C3A2D20571D88004B9ED6 /* filterPredicate.swift */ = {isa = PBXFileReference; lastKnownFileType = sourcecode.swift; path = filterPredicate.swift; sourceTree = "<group>"; };
		BF2C3A312057223C004B9ED6 /* KeyPathSingleTypePredicate+Operators.swift */ = {isa = PBXFileReference; lastKnownFileType = sourcecode.swift; path = "KeyPathSingleTypePredicate+Operators.swift"; sourceTree = "<group>"; };
		BF2C3A3420572565004B9ED6 /* DoubleTypePredicate.swift */ = {isa = PBXFileReference; lastKnownFileType = sourcecode.swift; path = DoubleTypePredicate.swift; sourceTree = "<group>"; };
		BF59B396205065F800D620E1 /* KeyPathKit.framework */ = {isa = PBXFileReference; explicitFileType = wrapper.framework; includeInIndex = 0; path = KeyPathKit.framework; sourceTree = BUILT_PRODUCTS_DIR; };
		BF59B399205065F800D620E1 /* KeyPathKit.h */ = {isa = PBXFileReference; lastKnownFileType = sourcecode.c.h; path = KeyPathKit.h; sourceTree = "<group>"; };
		BF59B39A205065F800D620E1 /* Info.plist */ = {isa = PBXFileReference; lastKnownFileType = text.plist.xml; path = Info.plist; sourceTree = "<group>"; };
		BF59B39F205065F900D620E1 /* KeyPathKitTests.xctest */ = {isa = PBXFileReference; explicitFileType = wrapper.cfbundle; includeInIndex = 0; path = KeyPathKitTests.xctest; sourceTree = BUILT_PRODUCTS_DIR; };
		BF59B3A4205065F900D620E1 /* KeyPathKitTests.swift */ = {isa = PBXFileReference; lastKnownFileType = sourcecode.swift; path = KeyPathKitTests.swift; sourceTree = "<group>"; };
		BF59B3A6205065F900D620E1 /* Info.plist */ = {isa = PBXFileReference; lastKnownFileType = text.plist.xml; path = Info.plist; sourceTree = "<group>"; };
		BF7E2F012050786100FF096D /* betweenTests.swift */ = {isa = PBXFileReference; lastKnownFileType = sourcecode.swift; path = betweenTests.swift; sourceTree = "<group>"; };
		BF7E2F032050798E00FF096D /* joinTests.swift */ = {isa = PBXFileReference; lastKnownFileType = sourcecode.swift; path = joinTests.swift; sourceTree = "<group>"; };
		BF7E2F0520507BC500FF096D /* sortedTests.swift */ = {isa = PBXFileReference; lastKnownFileType = sourcecode.swift; path = sortedTests.swift; sourceTree = "<group>"; };
		BF840D162055441200AC6DA1 /* filterLike.swift */ = {isa = PBXFileReference; lastKnownFileType = sourcecode.swift; path = filterLike.swift; sourceTree = "<group>"; };
		BF840D182055450800AC6DA1 /* filterLikeTests.swift */ = {isa = PBXFileReference; lastKnownFileType = sourcecode.swift; path = filterLikeTests.swift; sourceTree = "<group>"; };
		BF840D1A205592B400AC6DA1 /* filterLess.swift */ = {isa = PBXFileReference; lastKnownFileType = sourcecode.swift; path = filterLess.swift; sourceTree = "<group>"; };
		BF840D1C2055932E00AC6DA1 /* filterLessTests.swift */ = {isa = PBXFileReference; lastKnownFileType = sourcecode.swift; path = filterLessTests.swift; sourceTree = "<group>"; };
		BF840D1E2055944F00AC6DA1 /* filterMore.swift */ = {isa = PBXFileReference; lastKnownFileType = sourcecode.swift; path = filterMore.swift; sourceTree = "<group>"; };
		BF840D202055946800AC6DA1 /* filterMoreTests.swift */ = {isa = PBXFileReference; lastKnownFileType = sourcecode.swift; path = filterMoreTests.swift; sourceTree = "<group>"; };
		BF840D22205596DF00AC6DA1 /* filterIn.swift */ = {isa = PBXFileReference; lastKnownFileType = sourcecode.swift; path = filterIn.swift; sourceTree = "<group>"; };
		BF840D242055975600AC6DA1 /* filterInTests.swift */ = {isa = PBXFileReference; lastKnownFileType = sourcecode.swift; path = filterInTests.swift; sourceTree = "<group>"; };
		BFF387EA205066AD0059887B /* average.swift */ = {isa = PBXFileReference; lastKnownFileType = sourcecode.swift; path = average.swift; sourceTree = "<group>"; };
		BFF387ED205066D80059887B /* min.swift */ = {isa = PBXFileReference; lastKnownFileType = sourcecode.swift; path = min.swift; sourceTree = "<group>"; };
		BFF387EF205066E60059887B /* max.swift */ = {isa = PBXFileReference; lastKnownFileType = sourcecode.swift; path = max.swift; sourceTree = "<group>"; };
		BFF387F1205067010059887B /* sum.swift */ = {isa = PBXFileReference; lastKnownFileType = sourcecode.swift; path = sum.swift; sourceTree = "<group>"; };
		BFF387F32050670D0059887B /* or.swift */ = {isa = PBXFileReference; lastKnownFileType = sourcecode.swift; path = or.swift; sourceTree = "<group>"; };
		BFF387F52050671C0059887B /* and.swift */ = {isa = PBXFileReference; lastKnownFileType = sourcecode.swift; path = and.swift; sourceTree = "<group>"; };
		BFF387F72050672B0059887B /* between.swift */ = {isa = PBXFileReference; lastKnownFileType = sourcecode.swift; path = between.swift; sourceTree = "<group>"; };
		BFF387F92050673E0059887B /* filter.swift */ = {isa = PBXFileReference; lastKnownFileType = sourcecode.swift; path = filter.swift; sourceTree = "<group>"; };
		BFF387FB2050674A0059887B /* join.swift */ = {isa = PBXFileReference; lastKnownFileType = sourcecode.swift; path = join.swift; sourceTree = "<group>"; };
		BFF387FD205067580059887B /* distinct.swift */ = {isa = PBXFileReference; lastKnownFileType = sourcecode.swift; path = distinct.swift; sourceTree = "<group>"; };
		BFF387FF205067670059887B /* groupBy.swift */ = {isa = PBXFileReference; lastKnownFileType = sourcecode.swift; path = groupBy.swift; sourceTree = "<group>"; };
		BFF38801205067760059887B /* sorted.swift */ = {isa = PBXFileReference; lastKnownFileType = sourcecode.swift; path = sorted.swift; sourceTree = "<group>"; };
		BFF388032050678A0059887B /* flatMap.swift */ = {isa = PBXFileReference; lastKnownFileType = sourcecode.swift; path = flatMap.swift; sourceTree = "<group>"; };
		BFF388052050679A0059887B /* map.swift */ = {isa = PBXFileReference; lastKnownFileType = sourcecode.swift; path = map.swift; sourceTree = "<group>"; };
		BFF38808205069250059887B /* orTests.swift */ = {isa = PBXFileReference; lastKnownFileType = sourcecode.swift; path = orTests.swift; sourceTree = "<group>"; };
		BFF3880D20506B630059887B /* andTests.swift */ = {isa = PBXFileReference; lastKnownFileType = sourcecode.swift; path = andTests.swift; sourceTree = "<group>"; };
		BFF3880F20506BD90059887B /* filterTests.swift */ = {isa = PBXFileReference; lastKnownFileType = sourcecode.swift; path = filterTests.swift; sourceTree = "<group>"; };
		BFF3881120506D190059887B /* distinctTests.swift */ = {isa = PBXFileReference; lastKnownFileType = sourcecode.swift; path = distinctTests.swift; sourceTree = "<group>"; };
		BFF3881320506D960059887B /* groupByTests.swift */ = {isa = PBXFileReference; lastKnownFileType = sourcecode.swift; path = groupByTests.swift; sourceTree = "<group>"; };
		BFF38815205070280059887B /* sumTests.swift */ = {isa = PBXFileReference; lastKnownFileType = sourcecode.swift; path = sumTests.swift; sourceTree = "<group>"; };
		BFF38817205074050059887B /* maxTests.swift */ = {isa = PBXFileReference; lastKnownFileType = sourcecode.swift; path = maxTests.swift; sourceTree = "<group>"; };
		BFF38819205075200059887B /* minTests.swift */ = {isa = PBXFileReference; lastKnownFileType = sourcecode.swift; path = minTests.swift; sourceTree = "<group>"; };
		BFF3881B2050756E0059887B /* averageTests.swift */ = {isa = PBXFileReference; lastKnownFileType = sourcecode.swift; path = averageTests.swift; sourceTree = "<group>"; };
		BFF3881D205077080059887B /* mapTests.swift */ = {isa = PBXFileReference; lastKnownFileType = sourcecode.swift; path = mapTests.swift; sourceTree = "<group>"; };
		BFF3881F205077A30059887B /* flatMapTests.swift */ = {isa = PBXFileReference; lastKnownFileType = sourcecode.swift; path = flatMapTests.swift; sourceTree = "<group>"; };
/* End PBXFileReference section */

/* Begin PBXFrameworksBuildPhase section */
		BF59B392205065F800D620E1 /* Frameworks */ = {
			isa = PBXFrameworksBuildPhase;
			buildActionMask = 2147483647;
			files = (
			);
			runOnlyForDeploymentPostprocessing = 0;
		};
		BF59B39C205065F900D620E1 /* Frameworks */ = {
			isa = PBXFrameworksBuildPhase;
			buildActionMask = 2147483647;
			files = (
				BF59B3A0205065F900D620E1 /* KeyPathKit.framework in Frameworks */,
			);
			runOnlyForDeploymentPostprocessing = 0;
		};
/* End PBXFrameworksBuildPhase section */

/* Begin PBXGroup section */
		BF2C3A28205716DE004B9ED6 /* SingleTypePredicate */ = {
			isa = PBXGroup;
			children = (
				BF2C3A29205716EB004B9ED6 /* KeyPathSingleTypePredicate.swift */,
				BF2C3A312057223C004B9ED6 /* KeyPathSingleTypePredicate+Operators.swift */,
				BF2C3A2D20571D88004B9ED6 /* filterPredicate.swift */,
			);
			path = SingleTypePredicate;
			sourceTree = "<group>";
		};
		BF2C3A3320572550004B9ED6 /* DoubleTypePredicate */ = {
			isa = PBXGroup;
			children = (
				BF2C3A3420572565004B9ED6 /* DoubleTypePredicate.swift */,
				BF13D586205725D7004F12FE /* DoubleTypePredicate+Operators.swift */,
				BF13D5892057260B004F12FE /* joinPredicate.swift */,
			);
			path = DoubleTypePredicate;
			sourceTree = "<group>";
		};
		BF59B38C205065F800D620E1 = {
			isa = PBXGroup;
			children = (
				BF59B398205065F800D620E1 /* KeyPathKit */,
				BF59B3A3205065F900D620E1 /* KeyPathKitTests */,
				BF59B397205065F800D620E1 /* Products */,
			);
			sourceTree = "<group>";
		};
		BF59B397205065F800D620E1 /* Products */ = {
			isa = PBXGroup;
			children = (
				BF59B396205065F800D620E1 /* KeyPathKit.framework */,
				BF59B39F205065F900D620E1 /* KeyPathKitTests.xctest */,
			);
			name = Products;
			sourceTree = "<group>";
		};
		BF59B398205065F800D620E1 /* KeyPathKit */ = {
			isa = PBXGroup;
			children = (
				BF59B399205065F800D620E1 /* KeyPathKit.h */,
				BF59B39A205065F800D620E1 /* Info.plist */,
				BF2C3A28205716DE004B9ED6 /* SingleTypePredicate */,
				BF2C3A3320572550004B9ED6 /* DoubleTypePredicate */,
				BFF387EC205066C90059887B /* Operators */,
			);
			path = KeyPathKit;
			sourceTree = "<group>";
		};
		BF59B3A3205065F900D620E1 /* KeyPathKitTests */ = {
			isa = PBXGroup;
			children = (
				BF59B3A4205065F900D620E1 /* KeyPathKitTests.swift */,
				BF59B3A6205065F900D620E1 /* Info.plist */,
				BFF38807205069040059887B /* TestOperators */,
			);
			path = KeyPathKitTests;
			sourceTree = "<group>";
		};
		BFF387EC205066C90059887B /* Operators */ = {
			isa = PBXGroup;
			children = (
				BFF387F52050671C0059887B /* and.swift */,
				BFF387EA205066AD0059887B /* average.swift */,
				BFF387F72050672B0059887B /* between.swift */,
				BFF387FD205067580059887B /* distinct.swift */,
				BFF387F92050673E0059887B /* filter.swift */,
				BF840D22205596DF00AC6DA1 /* filterIn.swift */,
				BF840D1A205592B400AC6DA1 /* filterLess.swift */,
				BF840D162055441200AC6DA1 /* filterLike.swift */,
				BF840D1E2055944F00AC6DA1 /* filterMore.swift */,
				BFF388032050678A0059887B /* flatMap.swift */,
				BFF387FF205067670059887B /* groupBy.swift */,
				BFF387FB2050674A0059887B /* join.swift */,
				BFF388052050679A0059887B /* map.swift */,
				BFF387EF205066E60059887B /* max.swift */,
				BFF387ED205066D80059887B /* min.swift */,
				BFF387F32050670D0059887B /* or.swift */,
				BFF387F1205067010059887B /* sum.swift */,
				BFF38801205067760059887B /* sorted.swift */,
			);
			path = Operators;
			sourceTree = "<group>";
		};
		BFF38807205069040059887B /* TestOperators */ = {
			isa = PBXGroup;
			children = (
				BFF3880D20506B630059887B /* andTests.swift */,
				BFF3881B2050756E0059887B /* averageTests.swift */,
				BF7E2F012050786100FF096D /* betweenTests.swift */,
				BFF3881120506D190059887B /* distinctTests.swift */,
				BFF3880F20506BD90059887B /* filterTests.swift */,
				BF840D242055975600AC6DA1 /* filterInTests.swift */,
				BF840D1C2055932E00AC6DA1 /* filterLessTests.swift */,
				BF840D182055450800AC6DA1 /* filterLikeTests.swift */,
				BF840D202055946800AC6DA1 /* filterMoreTests.swift */,
				BFF3881F205077A30059887B /* flatMapTests.swift */,
				BFF3881320506D960059887B /* groupByTests.swift */,
				BF7E2F032050798E00FF096D /* joinTests.swift */,
				BFF3881D205077080059887B /* mapTests.swift */,
				BFF38817205074050059887B /* maxTests.swift */,
				BFF38819205075200059887B /* minTests.swift */,
				BFF38808205069250059887B /* orTests.swift */,
				BFF38815205070280059887B /* sumTests.swift */,
				BF7E2F0520507BC500FF096D /* sortedTests.swift */,
			);
			path = TestOperators;
			sourceTree = "<group>";
		};
/* End PBXGroup section */

/* Begin PBXHeadersBuildPhase section */
		BF59B393205065F800D620E1 /* Headers */ = {
			isa = PBXHeadersBuildPhase;
			buildActionMask = 2147483647;
			files = (
				BF59B3A7205065F900D620E1 /* KeyPathKit.h in Headers */,
			);
			runOnlyForDeploymentPostprocessing = 0;
		};
/* End PBXHeadersBuildPhase section */

/* Begin PBXNativeTarget section */
		BF59B395205065F800D620E1 /* KeyPathKit */ = {
			isa = PBXNativeTarget;
			buildConfigurationList = BF59B3AA205065F900D620E1 /* Build configuration list for PBXNativeTarget "KeyPathKit" */;
			buildPhases = (
				BF59B391205065F800D620E1 /* Sources */,
				BF59B392205065F800D620E1 /* Frameworks */,
				BF59B393205065F800D620E1 /* Headers */,
				BF59B394205065F800D620E1 /* Resources */,
			);
			buildRules = (
			);
			dependencies = (
			);
			name = KeyPathKit;
			productName = KeyPathKit;
			productReference = BF59B396205065F800D620E1 /* KeyPathKit.framework */;
			productType = "com.apple.product-type.framework";
		};
		BF59B39E205065F900D620E1 /* KeyPathKitTests */ = {
			isa = PBXNativeTarget;
			buildConfigurationList = BF59B3AD205065F900D620E1 /* Build configuration list for PBXNativeTarget "KeyPathKitTests" */;
			buildPhases = (
				BF59B39B205065F900D620E1 /* Sources */,
				BF59B39C205065F900D620E1 /* Frameworks */,
				BF59B39D205065F900D620E1 /* Resources */,
			);
			buildRules = (
			);
			dependencies = (
				BF59B3A2205065F900D620E1 /* PBXTargetDependency */,
			);
			name = KeyPathKitTests;
			productName = KeyPathKitTests;
			productReference = BF59B39F205065F900D620E1 /* KeyPathKitTests.xctest */;
			productType = "com.apple.product-type.bundle.unit-test";
		};
/* End PBXNativeTarget section */

/* Begin PBXProject section */
		BF59B38D205065F800D620E1 /* Project object */ = {
			isa = PBXProject;
			attributes = {
				LastSwiftUpdateCheck = 0920;
				LastUpgradeCheck = 0920;
				ORGANIZATIONNAME = Vincent;
				TargetAttributes = {
					BF59B395205065F800D620E1 = {
						CreatedOnToolsVersion = 9.2;
						LastSwiftMigration = 0920;
						ProvisioningStyle = Automatic;
					};
					BF59B39E205065F900D620E1 = {
						CreatedOnToolsVersion = 9.2;
						ProvisioningStyle = Automatic;
					};
				};
			};
			buildConfigurationList = BF59B390205065F800D620E1 /* Build configuration list for PBXProject "KeyPathKit" */;
			compatibilityVersion = "Xcode 8.0";
			developmentRegion = en;
			hasScannedForEncodings = 0;
			knownRegions = (
				en,
			);
			mainGroup = BF59B38C205065F800D620E1;
			productRefGroup = BF59B397205065F800D620E1 /* Products */;
			projectDirPath = "";
			projectRoot = "";
			targets = (
				BF59B395205065F800D620E1 /* KeyPathKit */,
				BF59B39E205065F900D620E1 /* KeyPathKitTests */,
			);
		};
/* End PBXProject section */

/* Begin PBXResourcesBuildPhase section */
		BF59B394205065F800D620E1 /* Resources */ = {
			isa = PBXResourcesBuildPhase;
			buildActionMask = 2147483647;
			files = (
			);
			runOnlyForDeploymentPostprocessing = 0;
		};
		BF59B39D205065F900D620E1 /* Resources */ = {
			isa = PBXResourcesBuildPhase;
			buildActionMask = 2147483647;
			files = (
			);
			runOnlyForDeploymentPostprocessing = 0;
		};
/* End PBXResourcesBuildPhase section */

/* Begin PBXSourcesBuildPhase section */
		BF59B391205065F800D620E1 /* Sources */ = {
			isa = PBXSourcesBuildPhase;
			buildActionMask = 2147483647;
			files = (
				BFF388062050679A0059887B /* map.swift in Sources */,
				BFF38800205067670059887B /* groupBy.swift in Sources */,
				BF2C3A2A205716EB004B9ED6 /* KeyPathSingleTypePredicate.swift in Sources */,
				BFF388042050678A0059887B /* flatMap.swift in Sources */,
				BFF387F82050672B0059887B /* between.swift in Sources */,
				BFF387F0205066E60059887B /* max.swift in Sources */,
				BF13D587205725D7004F12FE /* DoubleTypePredicate+Operators.swift in Sources */,
				BFF387F2205067010059887B /* sum.swift in Sources */,
				BFF38802205067760059887B /* sorted.swift in Sources */,
				BFF387F42050670D0059887B /* or.swift in Sources */,
				BF2C3A322057223C004B9ED6 /* KeyPathSingleTypePredicate+Operators.swift in Sources */,
				BF840D1F2055944F00AC6DA1 /* filterMore.swift in Sources */,
				BF840D1B205592B400AC6DA1 /* filterLess.swift in Sources */,
				BFF387EE205066D80059887B /* min.swift in Sources */,
				BF840D172055441200AC6DA1 /* filterLike.swift in Sources */,
				BF13D58A2057260B004F12FE /* joinPredicate.swift in Sources */,
				BF2C3A3520572565004B9ED6 /* DoubleTypePredicate.swift in Sources */,
				BF840D23205596DF00AC6DA1 /* filterIn.swift in Sources */,
				BFF387FC2050674A0059887B /* join.swift in Sources */,
				BF2C3A2E20571D88004B9ED6 /* filterPredicate.swift in Sources */,
				BFF387FA2050673E0059887B /* filter.swift in Sources */,
				BFF387FE205067580059887B /* distinct.swift in Sources */,
				BFF387EB205066AD0059887B /* average.swift in Sources */,
				BFF387F62050671C0059887B /* and.swift in Sources */,
			);
			runOnlyForDeploymentPostprocessing = 0;
		};
		BF59B39B205065F900D620E1 /* Sources */ = {
			isa = PBXSourcesBuildPhase;
			buildActionMask = 2147483647;
			files = (
				BFF38809205069250059887B /* orTests.swift in Sources */,
				BFF38820205077A30059887B /* flatMapTests.swift in Sources */,
				BFF3881220506D190059887B /* distinctTests.swift in Sources */,
				BFF38818205074050059887B /* maxTests.swift in Sources */,
				BFF3881C2050756E0059887B /* averageTests.swift in Sources */,
				BFF3881E205077080059887B /* mapTests.swift in Sources */,
				BF7E2F0620507BC500FF096D /* sortedTests.swift in Sources */,
				BFF3881420506D960059887B /* groupByTests.swift in Sources */,
				BF840D252055975600AC6DA1 /* filterInTests.swift in Sources */,
				BFF3881020506BD90059887B /* filterTests.swift in Sources */,
				BF7E2F022050786100FF096D /* betweenTests.swift in Sources */,
				BF840D1D2055932E00AC6DA1 /* filterLessTests.swift in Sources */,
				BFF38816205070280059887B /* sumTests.swift in Sources */,
				BF59B3A5205065F900D620E1 /* KeyPathKitTests.swift in Sources */,
				BF7E2F042050798E00FF096D /* joinTests.swift in Sources */,
				BF840D212055946800AC6DA1 /* filterMoreTests.swift in Sources */,
				BFF3881A205075200059887B /* minTests.swift in Sources */,
				BF840D192055450800AC6DA1 /* filterLikeTests.swift in Sources */,
				BFF3880E20506B630059887B /* andTests.swift in Sources */,
			);
			runOnlyForDeploymentPostprocessing = 0;
		};
/* End PBXSourcesBuildPhase section */

/* Begin PBXTargetDependency section */
		BF59B3A2205065F900D620E1 /* PBXTargetDependency */ = {
			isa = PBXTargetDependency;
			target = BF59B395205065F800D620E1 /* KeyPathKit */;
			targetProxy = BF59B3A1205065F900D620E1 /* PBXContainerItemProxy */;
		};
/* End PBXTargetDependency section */

/* Begin XCBuildConfiguration section */
		BF59B3A8205065F900D620E1 /* Debug */ = {
			isa = XCBuildConfiguration;
			buildSettings = {
				ALWAYS_SEARCH_USER_PATHS = NO;
				CLANG_ANALYZER_NONNULL = YES;
				CLANG_ANALYZER_NUMBER_OBJECT_CONVERSION = YES_AGGRESSIVE;
				CLANG_CXX_LANGUAGE_STANDARD = "gnu++14";
				CLANG_CXX_LIBRARY = "libc++";
				CLANG_ENABLE_MODULES = YES;
				CLANG_ENABLE_OBJC_ARC = YES;
				CLANG_WARN_BLOCK_CAPTURE_AUTORELEASING = YES;
				CLANG_WARN_BOOL_CONVERSION = YES;
				CLANG_WARN_COMMA = YES;
				CLANG_WARN_CONSTANT_CONVERSION = YES;
				CLANG_WARN_DIRECT_OBJC_ISA_USAGE = YES_ERROR;
				CLANG_WARN_DOCUMENTATION_COMMENTS = YES;
				CLANG_WARN_EMPTY_BODY = YES;
				CLANG_WARN_ENUM_CONVERSION = YES;
				CLANG_WARN_INFINITE_RECURSION = YES;
				CLANG_WARN_INT_CONVERSION = YES;
				CLANG_WARN_NON_LITERAL_NULL_CONVERSION = YES;
				CLANG_WARN_OBJC_LITERAL_CONVERSION = YES;
				CLANG_WARN_OBJC_ROOT_CLASS = YES_ERROR;
				CLANG_WARN_RANGE_LOOP_ANALYSIS = YES;
				CLANG_WARN_STRICT_PROTOTYPES = YES;
				CLANG_WARN_SUSPICIOUS_MOVE = YES;
				CLANG_WARN_UNGUARDED_AVAILABILITY = YES_AGGRESSIVE;
				CLANG_WARN_UNREACHABLE_CODE = YES;
				CLANG_WARN__DUPLICATE_METHOD_MATCH = YES;
				CODE_SIGN_IDENTITY = "iPhone Developer";
				COPY_PHASE_STRIP = NO;
				CURRENT_PROJECT_VERSION = 1;
				DEBUG_INFORMATION_FORMAT = dwarf;
				ENABLE_STRICT_OBJC_MSGSEND = YES;
				ENABLE_TESTABILITY = YES;
				GCC_C_LANGUAGE_STANDARD = gnu11;
				GCC_DYNAMIC_NO_PIC = NO;
				GCC_NO_COMMON_BLOCKS = YES;
				GCC_OPTIMIZATION_LEVEL = 0;
				GCC_PREPROCESSOR_DEFINITIONS = (
					"DEBUG=1",
					"$(inherited)",
				);
				GCC_WARN_64_TO_32_BIT_CONVERSION = YES;
				GCC_WARN_ABOUT_RETURN_TYPE = YES_ERROR;
				GCC_WARN_UNDECLARED_SELECTOR = YES;
				GCC_WARN_UNINITIALIZED_AUTOS = YES_AGGRESSIVE;
				GCC_WARN_UNUSED_FUNCTION = YES;
				GCC_WARN_UNUSED_VARIABLE = YES;
				IPHONEOS_DEPLOYMENT_TARGET = 11.2;
				MTL_ENABLE_DEBUG_INFO = YES;
				ONLY_ACTIVE_ARCH = YES;
				SDKROOT = iphoneos;
				SWIFT_ACTIVE_COMPILATION_CONDITIONS = DEBUG;
				SWIFT_OPTIMIZATION_LEVEL = "-Onone";
				VERSIONING_SYSTEM = "apple-generic";
				VERSION_INFO_PREFIX = "";
			};
			name = Debug;
		};
		BF59B3A9205065F900D620E1 /* Release */ = {
			isa = XCBuildConfiguration;
			buildSettings = {
				ALWAYS_SEARCH_USER_PATHS = NO;
				CLANG_ANALYZER_NONNULL = YES;
				CLANG_ANALYZER_NUMBER_OBJECT_CONVERSION = YES_AGGRESSIVE;
				CLANG_CXX_LANGUAGE_STANDARD = "gnu++14";
				CLANG_CXX_LIBRARY = "libc++";
				CLANG_ENABLE_MODULES = YES;
				CLANG_ENABLE_OBJC_ARC = YES;
				CLANG_WARN_BLOCK_CAPTURE_AUTORELEASING = YES;
				CLANG_WARN_BOOL_CONVERSION = YES;
				CLANG_WARN_COMMA = YES;
				CLANG_WARN_CONSTANT_CONVERSION = YES;
				CLANG_WARN_DIRECT_OBJC_ISA_USAGE = YES_ERROR;
				CLANG_WARN_DOCUMENTATION_COMMENTS = YES;
				CLANG_WARN_EMPTY_BODY = YES;
				CLANG_WARN_ENUM_CONVERSION = YES;
				CLANG_WARN_INFINITE_RECURSION = YES;
				CLANG_WARN_INT_CONVERSION = YES;
				CLANG_WARN_NON_LITERAL_NULL_CONVERSION = YES;
				CLANG_WARN_OBJC_LITERAL_CONVERSION = YES;
				CLANG_WARN_OBJC_ROOT_CLASS = YES_ERROR;
				CLANG_WARN_RANGE_LOOP_ANALYSIS = YES;
				CLANG_WARN_STRICT_PROTOTYPES = YES;
				CLANG_WARN_SUSPICIOUS_MOVE = YES;
				CLANG_WARN_UNGUARDED_AVAILABILITY = YES_AGGRESSIVE;
				CLANG_WARN_UNREACHABLE_CODE = YES;
				CLANG_WARN__DUPLICATE_METHOD_MATCH = YES;
				CODE_SIGN_IDENTITY = "iPhone Developer";
				COPY_PHASE_STRIP = NO;
				CURRENT_PROJECT_VERSION = 1;
				DEBUG_INFORMATION_FORMAT = "dwarf-with-dsym";
				ENABLE_NS_ASSERTIONS = NO;
				ENABLE_STRICT_OBJC_MSGSEND = YES;
				GCC_C_LANGUAGE_STANDARD = gnu11;
				GCC_NO_COMMON_BLOCKS = YES;
				GCC_WARN_64_TO_32_BIT_CONVERSION = YES;
				GCC_WARN_ABOUT_RETURN_TYPE = YES_ERROR;
				GCC_WARN_UNDECLARED_SELECTOR = YES;
				GCC_WARN_UNINITIALIZED_AUTOS = YES_AGGRESSIVE;
				GCC_WARN_UNUSED_FUNCTION = YES;
				GCC_WARN_UNUSED_VARIABLE = YES;
				IPHONEOS_DEPLOYMENT_TARGET = 11.2;
				MTL_ENABLE_DEBUG_INFO = NO;
				SDKROOT = iphoneos;
				SWIFT_OPTIMIZATION_LEVEL = "-Owholemodule";
				VALIDATE_PRODUCT = YES;
				VERSIONING_SYSTEM = "apple-generic";
				VERSION_INFO_PREFIX = "";
			};
			name = Release;
		};
		BF59B3AB205065F900D620E1 /* Debug */ = {
			isa = XCBuildConfiguration;
			buildSettings = {
				CLANG_ENABLE_MODULES = YES;
				CODE_SIGN_IDENTITY = "";
				CODE_SIGN_STYLE = Automatic;
				DEFINES_MODULE = YES;
				DEVELOPMENT_TEAM = 2937XWQ9VF;
				DYLIB_COMPATIBILITY_VERSION = 1;
				DYLIB_CURRENT_VERSION = 1;
				DYLIB_INSTALL_NAME_BASE = "@rpath";
				INFOPLIST_FILE = KeyPathKit/Info.plist;
				INSTALL_PATH = "$(LOCAL_LIBRARY_DIR)/Frameworks";
				LD_RUNPATH_SEARCH_PATHS = "$(inherited) @executable_path/Frameworks @loader_path/Frameworks";
				PRODUCT_BUNDLE_IDENTIFIER = fr.vincentpradeilles.KeyPathKit;
				PRODUCT_NAME = "$(TARGET_NAME:c99extidentifier)";
				SKIP_INSTALL = YES;
				SWIFT_OPTIMIZATION_LEVEL = "-Onone";
				SWIFT_VERSION = 4.0;
				TARGETED_DEVICE_FAMILY = "1,2";
			};
			name = Debug;
		};
		BF59B3AC205065F900D620E1 /* Release */ = {
			isa = XCBuildConfiguration;
			buildSettings = {
				CLANG_ENABLE_MODULES = YES;
				CODE_SIGN_IDENTITY = "";
				CODE_SIGN_STYLE = Automatic;
				DEFINES_MODULE = YES;
				DEVELOPMENT_TEAM = 2937XWQ9VF;
				DYLIB_COMPATIBILITY_VERSION = 1;
				DYLIB_CURRENT_VERSION = 1;
				DYLIB_INSTALL_NAME_BASE = "@rpath";
				INFOPLIST_FILE = KeyPathKit/Info.plist;
				INSTALL_PATH = "$(LOCAL_LIBRARY_DIR)/Frameworks";
				LD_RUNPATH_SEARCH_PATHS = "$(inherited) @executable_path/Frameworks @loader_path/Frameworks";
				PRODUCT_BUNDLE_IDENTIFIER = fr.vincentpradeilles.KeyPathKit;
				PRODUCT_NAME = "$(TARGET_NAME:c99extidentifier)";
				SKIP_INSTALL = YES;
				SWIFT_VERSION = 4.0;
				TARGETED_DEVICE_FAMILY = "1,2";
			};
			name = Release;
		};
		BF59B3AE205065F900D620E1 /* Debug */ = {
			isa = XCBuildConfiguration;
			buildSettings = {
				ALWAYS_EMBED_SWIFT_STANDARD_LIBRARIES = YES;
				CODE_SIGN_STYLE = Automatic;
				DEVELOPMENT_TEAM = 2937XWQ9VF;
				INFOPLIST_FILE = KeyPathKitTests/Info.plist;
				LD_RUNPATH_SEARCH_PATHS = "$(inherited) @executable_path/Frameworks @loader_path/Frameworks";
				PRODUCT_BUNDLE_IDENTIFIER = fr.vincentpradeilles.KeyPathKitTests;
				PRODUCT_NAME = "$(TARGET_NAME)";
				SWIFT_VERSION = 4.0;
				TARGETED_DEVICE_FAMILY = "1,2";
			};
			name = Debug;
		};
		BF59B3AF205065F900D620E1 /* Release */ = {
			isa = XCBuildConfiguration;
			buildSettings = {
				ALWAYS_EMBED_SWIFT_STANDARD_LIBRARIES = YES;
				CODE_SIGN_STYLE = Automatic;
				DEVELOPMENT_TEAM = 2937XWQ9VF;
				INFOPLIST_FILE = KeyPathKitTests/Info.plist;
				LD_RUNPATH_SEARCH_PATHS = "$(inherited) @executable_path/Frameworks @loader_path/Frameworks";
				PRODUCT_BUNDLE_IDENTIFIER = fr.vincentpradeilles.KeyPathKitTests;
				PRODUCT_NAME = "$(TARGET_NAME)";
				SWIFT_VERSION = 4.0;
				TARGETED_DEVICE_FAMILY = "1,2";
			};
			name = Release;
		};
/* End XCBuildConfiguration section */

/* Begin XCConfigurationList section */
		BF59B390205065F800D620E1 /* Build configuration list for PBXProject "KeyPathKit" */ = {
			isa = XCConfigurationList;
			buildConfigurations = (
				BF59B3A8205065F900D620E1 /* Debug */,
				BF59B3A9205065F900D620E1 /* Release */,
			);
			defaultConfigurationIsVisible = 0;
			defaultConfigurationName = Release;
		};
		BF59B3AA205065F900D620E1 /* Build configuration list for PBXNativeTarget "KeyPathKit" */ = {
			isa = XCConfigurationList;
			buildConfigurations = (
				BF59B3AB205065F900D620E1 /* Debug */,
				BF59B3AC205065F900D620E1 /* Release */,
			);
			defaultConfigurationIsVisible = 0;
			defaultConfigurationName = Release;
		};
		BF59B3AD205065F900D620E1 /* Build configuration list for PBXNativeTarget "KeyPathKitTests" */ = {
			isa = XCConfigurationList;
			buildConfigurations = (
				BF59B3AE205065F900D620E1 /* Debug */,
				BF59B3AF205065F900D620E1 /* Release */,
			);
			defaultConfigurationIsVisible = 0;
			defaultConfigurationName = Release;
		};
/* End XCConfigurationList section */
	};
	rootObject = BF59B38D205065F800D620E1 /* Project object */;
}
